// !$*UTF8*$!
{
	archiveVersion = 1;
	classes = {
	};
	objectVersion = 56;
	objects = {

/* Begin PBXBuildFile section */
		08938FCB2C554FC500C10FB5 /* Cross_PlatformApp.swift in Sources */ = {isa = PBXBuildFile; fileRef = 08938FCA2C554FC500C10FB5 /* Cross_PlatformApp.swift */; };
		08938FCD2C554FC500C10FB5 /* ContentView.swift in Sources */ = {isa = PBXBuildFile; fileRef = 08938FCC2C554FC500C10FB5 /* ContentView.swift */; };
		08938FCF2C554FC500C10FB5 /* Item.swift in Sources */ = {isa = PBXBuildFile; fileRef = 08938FCE2C554FC500C10FB5 /* Item.swift */; };
		08938FD12C554FC600C10FB5 /* Assets.xcassets in Resources */ = {isa = PBXBuildFile; fileRef = 08938FD02C554FC600C10FB5 /* Assets.xcassets */; };
		08938FD42C554FC600C10FB5 /* Preview Assets.xcassets in Resources */ = {isa = PBXBuildFile; fileRef = 08938FD32C554FC600C10FB5 /* Preview Assets.xcassets */; };
		08C759602C70F7E70083D63B /* ReceiverNetwork.swift in Sources */ = {isa = PBXBuildFile; fileRef = 08C7595F2C70F7E70083D63B /* ReceiverNetwork.swift */; };
		08C759622C70FAFB0083D63B /* SendView.swift in Sources */ = {isa = PBXBuildFile; fileRef = 08C759612C70FAFB0083D63B /* SendView.swift */; };
		08C759642C70FB0F0083D63B /* SendingDiscovery.swift in Sources */ = {isa = PBXBuildFile; fileRef = 08C759632C70FB0F0083D63B /* SendingDiscovery.swift */; };
		08FABC1E2C68FA680074FC89 /* ReceiveView.swift in Sources */ = {isa = PBXBuildFile; fileRef = 08FABC1D2C68FA680074FC89 /* ReceiveView.swift */; };
/* End PBXBuildFile section */

/* Begin PBXFileReference section */
		08938FC72C554FC500C10FB5 /* Cross Platform.app */ = {isa = PBXFileReference; explicitFileType = wrapper.application; includeInIndex = 0; path = "Cross Platform.app"; sourceTree = BUILT_PRODUCTS_DIR; };
		08938FCA2C554FC500C10FB5 /* Cross_PlatformApp.swift */ = {isa = PBXFileReference; lastKnownFileType = sourcecode.swift; path = Cross_PlatformApp.swift; sourceTree = "<group>"; };
		08938FCC2C554FC500C10FB5 /* ContentView.swift */ = {isa = PBXFileReference; lastKnownFileType = sourcecode.swift; path = ContentView.swift; sourceTree = "<group>"; };
		08938FCE2C554FC500C10FB5 /* Item.swift */ = {isa = PBXFileReference; lastKnownFileType = sourcecode.swift; path = Item.swift; sourceTree = "<group>"; };
		08938FD02C554FC600C10FB5 /* Assets.xcassets */ = {isa = PBXFileReference; lastKnownFileType = folder.assetcatalog; path = Assets.xcassets; sourceTree = "<group>"; };
		08938FD32C554FC600C10FB5 /* Preview Assets.xcassets */ = {isa = PBXFileReference; lastKnownFileType = folder.assetcatalog; path = "Preview Assets.xcassets"; sourceTree = "<group>"; };
		08938FDA2C55505C00C10FB5 /* Cross-Platform-Info.plist */ = {isa = PBXFileReference; lastKnownFileType = text.plist; path = "Cross-Platform-Info.plist"; sourceTree = SOURCE_ROOT; };
		08C7595F2C70F7E70083D63B /* ReceiverNetwork.swift */ = {isa = PBXFileReference; lastKnownFileType = sourcecode.swift; path = ReceiverNetwork.swift; sourceTree = "<group>"; };
		08C759612C70FAFB0083D63B /* SendView.swift */ = {isa = PBXFileReference; lastKnownFileType = sourcecode.swift; path = SendView.swift; sourceTree = "<group>"; };
		08C759632C70FB0F0083D63B /* SendingDiscovery.swift */ = {isa = PBXFileReference; lastKnownFileType = sourcecode.swift; path = SendingDiscovery.swift; sourceTree = "<group>"; };
		08FABC1D2C68FA680074FC89 /* ReceiveView.swift */ = {isa = PBXFileReference; lastKnownFileType = sourcecode.swift; path = ReceiveView.swift; sourceTree = "<group>"; };
/* End PBXFileReference section */

/* Begin PBXFrameworksBuildPhase section */
		08938FC42C554FC500C10FB5 /* Frameworks */ = {
			isa = PBXFrameworksBuildPhase;
			buildActionMask = 2147483647;
			files = (
			);
			runOnlyForDeploymentPostprocessing = 0;
		};
/* End PBXFrameworksBuildPhase section */

/* Begin PBXGroup section */
		08938FBE2C554FC500C10FB5 = {
			isa = PBXGroup;
			children = (
				08938FC92C554FC500C10FB5 /* Cross Platform */,
				08938FC82C554FC500C10FB5 /* Products */,
			);
			sourceTree = "<group>";
		};
		08938FC82C554FC500C10FB5 /* Products */ = {
			isa = PBXGroup;
			children = (
				08938FC72C554FC500C10FB5 /* Cross Platform.app */,
			);
			name = Products;
			sourceTree = "<group>";
		};
		08938FC92C554FC500C10FB5 /* Cross Platform */ = {
			isa = PBXGroup;
			children = (
				08938FDA2C55505C00C10FB5 /* Cross-Platform-Info.plist */,
				08938FCA2C554FC500C10FB5 /* Cross_PlatformApp.swift */,
				08938FCC2C554FC500C10FB5 /* ContentView.swift */,
				08938FCE2C554FC500C10FB5 /* Item.swift */,
				08938FD02C554FC600C10FB5 /* Assets.xcassets */,
				08938FD22C554FC600C10FB5 /* Preview Content */,
				08FABC1D2C68FA680074FC89 /* ReceiveView.swift */,
				08C7595F2C70F7E70083D63B /* ReceiverNetwork.swift */,
				08C759612C70FAFB0083D63B /* SendView.swift */,
				08C759632C70FB0F0083D63B /* SendingDiscovery.swift */,
			);
			path = "Cross Platform";
			sourceTree = "<group>";
		};
		08938FD22C554FC600C10FB5 /* Preview Content */ = {
			isa = PBXGroup;
			children = (
				08938FD32C554FC600C10FB5 /* Preview Assets.xcassets */,
			);
			path = "Preview Content";
			sourceTree = "<group>";
		};
/* End PBXGroup section */

/* Begin PBXNativeTarget section */
		08938FC62C554FC500C10FB5 /* Cross Platform */ = {
			isa = PBXNativeTarget;
			buildConfigurationList = 08938FD72C554FC600C10FB5 /* Build configuration list for PBXNativeTarget "Cross Platform" */;
			buildPhases = (
				08938FC32C554FC500C10FB5 /* Sources */,
				08938FC42C554FC500C10FB5 /* Frameworks */,
				08938FC52C554FC500C10FB5 /* Resources */,
			);
			buildRules = (
			);
			dependencies = (
			);
			name = "Cross Platform";
			productName = "Cross Platform";
			productReference = 08938FC72C554FC500C10FB5 /* Cross Platform.app */;
			productType = "com.apple.product-type.application";
		};
/* End PBXNativeTarget section */

/* Begin PBXProject section */
		08938FBF2C554FC500C10FB5 /* Project object */ = {
			isa = PBXProject;
			attributes = {
				BuildIndependentTargetsInParallel = 1;
				LastSwiftUpdateCheck = 1540;
				LastUpgradeCheck = 1540;
				TargetAttributes = {
					08938FC62C554FC500C10FB5 = {
						CreatedOnToolsVersion = 15.4;
					};
				};
			};
			buildConfigurationList = 08938FC22C554FC500C10FB5 /* Build configuration list for PBXProject "Cross Platform" */;
			compatibilityVersion = "Xcode 14.0";
			developmentRegion = en;
			hasScannedForEncodings = 0;
			knownRegions = (
				en,
				Base,
			);
			mainGroup = 08938FBE2C554FC500C10FB5;
			productRefGroup = 08938FC82C554FC500C10FB5 /* Products */;
			projectDirPath = "";
			projectRoot = "";
			targets = (
				08938FC62C554FC500C10FB5 /* Cross Platform */,
			);
		};
/* End PBXProject section */

/* Begin PBXResourcesBuildPhase section */
		08938FC52C554FC500C10FB5 /* Resources */ = {
			isa = PBXResourcesBuildPhase;
			buildActionMask = 2147483647;
			files = (
				08938FD42C554FC600C10FB5 /* Preview Assets.xcassets in Resources */,
				08938FD12C554FC600C10FB5 /* Assets.xcassets in Resources */,
			);
			runOnlyForDeploymentPostprocessing = 0;
		};
/* End PBXResourcesBuildPhase section */

/* Begin PBXSourcesBuildPhase section */
		08938FC32C554FC500C10FB5 /* Sources */ = {
			isa = PBXSourcesBuildPhase;
			buildActionMask = 2147483647;
			files = (
				08938FCD2C554FC500C10FB5 /* ContentView.swift in Sources */,
				08C759602C70F7E70083D63B /* ReceiverNetwork.swift in Sources */,
				08C759622C70FAFB0083D63B /* SendView.swift in Sources */,
				08C759642C70FB0F0083D63B /* SendingDiscovery.swift in Sources */,
				08FABC1E2C68FA680074FC89 /* ReceiveView.swift in Sources */,
				08938FCF2C554FC500C10FB5 /* Item.swift in Sources */,
				08938FCB2C554FC500C10FB5 /* Cross_PlatformApp.swift in Sources */,
			);
			runOnlyForDeploymentPostprocessing = 0;
		};
/* End PBXSourcesBuildPhase section */

/* Begin XCBuildConfiguration section */
		08938FD52C554FC600C10FB5 /* Debug */ = {
			isa = XCBuildConfiguration;
			buildSettings = {
				ALWAYS_SEARCH_USER_PATHS = NO;
				ASSETCATALOG_COMPILER_GENERATE_SWIFT_ASSET_SYMBOL_EXTENSIONS = YES;
				CLANG_ANALYZER_NONNULL = YES;
				CLANG_ANALYZER_NUMBER_OBJECT_CONVERSION = YES_AGGRESSIVE;
				CLANG_CXX_LANGUAGE_STANDARD = "gnu++20";
				CLANG_ENABLE_MODULES = YES;
				CLANG_ENABLE_OBJC_ARC = YES;
				CLANG_ENABLE_OBJC_WEAK = YES;
				CLANG_WARN_BLOCK_CAPTURE_AUTORELEASING = YES;
				CLANG_WARN_BOOL_CONVERSION = YES;
				CLANG_WARN_COMMA = YES;
				CLANG_WARN_CONSTANT_CONVERSION = YES;
				CLANG_WARN_DEPRECATED_OBJC_IMPLEMENTATIONS = YES;
				CLANG_WARN_DIRECT_OBJC_ISA_USAGE = YES_ERROR;
				CLANG_WARN_DOCUMENTATION_COMMENTS = YES;
				CLANG_WARN_EMPTY_BODY = YES;
				CLANG_WARN_ENUM_CONVERSION = YES;
				CLANG_WARN_INFINITE_RECURSION = YES;
				CLANG_WARN_INT_CONVERSION = YES;
				CLANG_WARN_NON_LITERAL_NULL_CONVERSION = YES;
				CLANG_WARN_OBJC_IMPLICIT_RETAIN_SELF = YES;
				CLANG_WARN_OBJC_LITERAL_CONVERSION = YES;
				CLANG_WARN_OBJC_ROOT_CLASS = YES_ERROR;
				CLANG_WARN_QUOTED_INCLUDE_IN_FRAMEWORK_HEADER = YES;
				CLANG_WARN_RANGE_LOOP_ANALYSIS = YES;
				CLANG_WARN_STRICT_PROTOTYPES = YES;
				CLANG_WARN_SUSPICIOUS_MOVE = YES;
				CLANG_WARN_UNGUARDED_AVAILABILITY = YES_AGGRESSIVE;
				CLANG_WARN_UNREACHABLE_CODE = YES;
				CLANG_WARN__DUPLICATE_METHOD_MATCH = YES;
				COPY_PHASE_STRIP = NO;
				DEBUG_INFORMATION_FORMAT = dwarf;
				ENABLE_STRICT_OBJC_MSGSEND = YES;
				ENABLE_TESTABILITY = YES;
				ENABLE_USER_SCRIPT_SANDBOXING = YES;
				GCC_C_LANGUAGE_STANDARD = gnu17;
				GCC_DYNAMIC_NO_PIC = NO;
				GCC_NO_COMMON_BLOCKS = YES;
				GCC_OPTIMIZATION_LEVEL = 0;
				GCC_PREPROCESSOR_DEFINITIONS = (
					"DEBUG=1",
					"$(inherited)",
				);
				GCC_WARN_64_TO_32_BIT_CONVERSION = YES;
				GCC_WARN_ABOUT_RETURN_TYPE = YES_ERROR;
				GCC_WARN_UNDECLARED_SELECTOR = YES;
				GCC_WARN_UNINITIALIZED_AUTOS = YES_AGGRESSIVE;
				GCC_WARN_UNUSED_FUNCTION = YES;
				GCC_WARN_UNUSED_VARIABLE = YES;
				IPHONEOS_DEPLOYMENT_TARGET = 17.5;
				LOCALIZATION_PREFERS_STRING_CATALOGS = YES;
				MTL_ENABLE_DEBUG_INFO = INCLUDE_SOURCE;
				MTL_FAST_MATH = YES;
				ONLY_ACTIVE_ARCH = YES;
				SDKROOT = iphoneos;
				SWIFT_ACTIVE_COMPILATION_CONDITIONS = "DEBUG $(inherited)";
				SWIFT_OPTIMIZATION_LEVEL = "-Onone";
			};
			name = Debug;
		};
		08938FD62C554FC600C10FB5 /* Release */ = {
			isa = XCBuildConfiguration;
			buildSettings = {
				ALWAYS_SEARCH_USER_PATHS = NO;
				ASSETCATALOG_COMPILER_GENERATE_SWIFT_ASSET_SYMBOL_EXTENSIONS = YES;
				CLANG_ANALYZER_NONNULL = YES;
				CLANG_ANALYZER_NUMBER_OBJECT_CONVERSION = YES_AGGRESSIVE;
				CLANG_CXX_LANGUAGE_STANDARD = "gnu++20";
				CLANG_ENABLE_MODULES = YES;
				CLANG_ENABLE_OBJC_ARC = YES;
				CLANG_ENABLE_OBJC_WEAK = YES;
				CLANG_WARN_BLOCK_CAPTURE_AUTORELEASING = YES;
				CLANG_WARN_BOOL_CONVERSION = YES;
				CLANG_WARN_COMMA = YES;
				CLANG_WARN_CONSTANT_CONVERSION = YES;
				CLANG_WARN_DEPRECATED_OBJC_IMPLEMENTATIONS = YES;
				CLANG_WARN_DIRECT_OBJC_ISA_USAGE = YES_ERROR;
				CLANG_WARN_DOCUMENTATION_COMMENTS = YES;
				CLANG_WARN_EMPTY_BODY = YES;
				CLANG_WARN_ENUM_CONVERSION = YES;
				CLANG_WARN_INFINITE_RECURSION = YES;
				CLANG_WARN_INT_CONVERSION = YES;
				CLANG_WARN_NON_LITERAL_NULL_CONVERSION = YES;
				CLANG_WARN_OBJC_IMPLICIT_RETAIN_SELF = YES;
				CLANG_WARN_OBJC_LITERAL_CONVERSION = YES;
				CLANG_WARN_OBJC_ROOT_CLASS = YES_ERROR;
				CLANG_WARN_QUOTED_INCLUDE_IN_FRAMEWORK_HEADER = YES;
				CLANG_WARN_RANGE_LOOP_ANALYSIS = YES;
				CLANG_WARN_STRICT_PROTOTYPES = YES;
				CLANG_WARN_SUSPICIOUS_MOVE = YES;
				CLANG_WARN_UNGUARDED_AVAILABILITY = YES_AGGRESSIVE;
				CLANG_WARN_UNREACHABLE_CODE = YES;
				CLANG_WARN__DUPLICATE_METHOD_MATCH = YES;
				COPY_PHASE_STRIP = NO;
				DEBUG_INFORMATION_FORMAT = "dwarf-with-dsym";
				ENABLE_NS_ASSERTIONS = NO;
				ENABLE_STRICT_OBJC_MSGSEND = YES;
				ENABLE_USER_SCRIPT_SANDBOXING = YES;
				GCC_C_LANGUAGE_STANDARD = gnu17;
				GCC_NO_COMMON_BLOCKS = YES;
				GCC_WARN_64_TO_32_BIT_CONVERSION = YES;
				GCC_WARN_ABOUT_RETURN_TYPE = YES_ERROR;
				GCC_WARN_UNDECLARED_SELECTOR = YES;
				GCC_WARN_UNINITIALIZED_AUTOS = YES_AGGRESSIVE;
				GCC_WARN_UNUSED_FUNCTION = YES;
				GCC_WARN_UNUSED_VARIABLE = YES;
				IPHONEOS_DEPLOYMENT_TARGET = 17.5;
				LOCALIZATION_PREFERS_STRING_CATALOGS = YES;
				MTL_ENABLE_DEBUG_INFO = NO;
				MTL_FAST_MATH = YES;
				SDKROOT = iphoneos;
				SWIFT_COMPILATION_MODE = wholemodule;
				VALIDATE_PRODUCT = YES;
			};
			name = Release;
		};
		08938FD82C554FC600C10FB5 /* Debug */ = {
			isa = XCBuildConfiguration;
			buildSettings = {
				ASSETCATALOG_COMPILER_APPICON_NAME = AppIcon;
				ASSETCATALOG_COMPILER_GLOBAL_ACCENT_COLOR_NAME = AccentColor;
				CODE_SIGN_STYLE = Automatic;
				CURRENT_PROJECT_VERSION = 1;
				DEVELOPMENT_ASSET_PATHS = "\"Cross Platform/Preview Content\"";
				DEVELOPMENT_TEAM = 52NZZ8ATCL;
				ENABLE_PREVIEWS = YES;
				GENERATE_INFOPLIST_FILE = YES;
				INFOPLIST_FILE = "Cross-Platform-Info.plist";
				INFOPLIST_KEY_CFBundleDisplayName = Data;
				INFOPLIST_KEY_LSApplicationCategoryType = "public.app-category.utilities";
				INFOPLIST_KEY_UIApplicationSceneManifest_Generation = YES;
				INFOPLIST_KEY_UIApplicationSupportsIndirectInputEvents = YES;
				INFOPLIST_KEY_UILaunchScreen_Generation = YES;
				INFOPLIST_KEY_UISupportedInterfaceOrientations = UIInterfaceOrientationPortrait;
				INFOPLIST_KEY_UISupportedInterfaceOrientations_iPad = "UIInterfaceOrientationLandscapeLeft UIInterfaceOrientationLandscapeRight UIInterfaceOrientationPortrait UIInterfaceOrientationPortraitUpsideDown";
				IPHONEOS_DEPLOYMENT_TARGET = 17.0;
				LD_RUNPATH_SEARCH_PATHS = (
					"$(inherited)",
					"@executable_path/Frameworks",
				);
				MARKETING_VERSION = 1.0;
				PRODUCT_BUNDLE_IDENTIFIER = "com.armaan.Cross-Platform";
				PRODUCT_NAME = "$(TARGET_NAME)";
				SWIFT_EMIT_LOC_STRINGS = YES;
				SWIFT_VERSION = 5.0;
				TARGETED_DEVICE_FAMILY = "1,2";
			};
			name = Debug;
		};
		08938FD92C554FC600C10FB5 /* Release */ = {
			isa = XCBuildConfiguration;
			buildSettings = {
				ASSETCATALOG_COMPILER_APPICON_NAME = AppIcon;
				ASSETCATALOG_COMPILER_GLOBAL_ACCENT_COLOR_NAME = AccentColor;
				CODE_SIGN_STYLE = Automatic;
				CURRENT_PROJECT_VERSION = 1;
				DEVELOPMENT_ASSET_PATHS = "\"Cross Platform/Preview Content\"";
				DEVELOPMENT_TEAM = 52NZZ8ATCL;
				ENABLE_PREVIEWS = YES;
				GENERATE_INFOPLIST_FILE = YES;
				INFOPLIST_FILE = "Cross-Platform-Info.plist";
				INFOPLIST_KEY_CFBundleDisplayName = Data;
				INFOPLIST_KEY_LSApplicationCategoryType = "public.app-category.utilities";
				INFOPLIST_KEY_UIApplicationSceneManifest_Generation = YES;
				INFOPLIST_KEY_UIApplicationSupportsIndirectInputEvents = YES;
				INFOPLIST_KEY_UILaunchScreen_Generation = YES;
				INFOPLIST_KEY_UISupportedInterfaceOrientations = UIInterfaceOrientationPortrait;
				INFOPLIST_KEY_UISupportedInterfaceOrientations_iPad = "UIInterfaceOrientationLandscapeLeft UIInterfaceOrientationLandscapeRight UIInterfaceOrientationPortrait UIInterfaceOrientationPortraitUpsideDown";
				IPHONEOS_DEPLOYMENT_TARGET = 17.0;
				LD_RUNPATH_SEARCH_PATHS = (
					"$(inherited)",
					"@executable_path/Frameworks",
				);
				MARKETING_VERSION = 1.0;
				PRODUCT_BUNDLE_IDENTIFIER = "com.armaan.Cross-Platform";
				PRODUCT_NAME = "$(TARGET_NAME)";
				SWIFT_EMIT_LOC_STRINGS = YES;
				SWIFT_VERSION = 5.0;
				TARGETED_DEVICE_FAMILY = "1,2";
			};
			name = Release;
		};
/* End XCBuildConfiguration section */

/* Begin XCConfigurationList section */
		08938FC22C554FC500C10FB5 /* Build configuration list for PBXProject "Cross Platform" */ = {
			isa = XCConfigurationList;
			buildConfigurations = (
				08938FD52C554FC600C10FB5 /* Debug */,
				08938FD62C554FC600C10FB5 /* Release */,
			);
			defaultConfigurationIsVisible = 0;
			defaultConfigurationName = Release;
		};
		08938FD72C554FC600C10FB5 /* Build configuration list for PBXNativeTarget "Cross Platform" */ = {
			isa = XCConfigurationList;
			buildConfigurations = (
				08938FD82C554FC600C10FB5 /* Debug */,
				08938FD92C554FC600C10FB5 /* Release */,
			);
			defaultConfigurationIsVisible = 0;
			defaultConfigurationName = Release;
		};
/* End XCConfigurationList section */
	};
	rootObject = 08938FBF2C554FC500C10FB5 /* Project object */;
}
